{
  "name": "lumen",
  "version": "0.0.0",
  "lockfileVersion": 3,
  "requires": true,
  "packages": {
    "": {
      "name": "lumen",
      "version": "0.0.0",
      "dependencies": {},
      "devDependencies": {
        "vitest": "^4.1.0"
      }
    },
    "node_modules/vitest": {
      "version": "4.1.0",
      "dev": true
    },
    "node_modules/@lumen-seo/core": {
      "resolved": "packages/core",
      "link": true
    },
    "packages/core": {
      "name": "@lumen-seo/core",
      "version": "0.0.0",
      "dependencies": {}
    },
    "packages/audit": {
      "name": "@lumen-seo/audit",
      "version": "0.0.0",
      "dependencies": {
        "@lumen-seo/core": "*"
      }
    },
    "packages/providers": {
      "name": "@lumen-seo/providers",
      "version": "0.0.0",
      "dependencies": {
        "@lumen-seo/core": "*"
      }
    },
    "packages/mcp": {
      "name": "@lumen-seo/mcp",
      "version": "0.0.0",
      "dependencies": {
        "@lumen-seo/audit": "*",
        "@lumen-seo/providers": "*"
      }
    },
    "packages/cli": {
      "name": "@lumen-seo/cli",
      "version": "0.0.0",
      "dependencies": {
        "@lumen-seo/audit": "*",
        "@lumen-seo/mcp": "*",
        "@lumen-seo/providers": "*"
      }
    },
    "site": {
      "name": "@lumen-seo/site",
      "version": "0.0.0",
      "dependencies": {},
      "devDependencies": {}
    }
  }
}
