{
  "name": "seolite",
  "version": "0.0.0",
  "lockfileVersion": 3,
  "requires": true,
  "packages": {
    "": {
      "name": "seolite",
      "version": "0.0.0",
      "dependencies": {},
      "devDependencies": {
        "vitest": "^4.1.0"
      }
    },
    "node_modules/vitest": {
      "version": "4.1.0",
      "dev": true
    },
    "node_modules/@seolite/core": {
      "resolved": "packages/core",
      "link": true
    },
    "packages/core": {
      "name": "@seolite/core",
      "version": "0.0.0",
      "dependencies": {}
    },
    "packages/audit": {
      "name": "@seolite/audit",
      "version": "0.0.0",
      "dependencies": {
        "@seolite/core": "*"
      }
    },
    "packages/providers": {
      "name": "@seolite/providers",
      "version": "0.0.0",
      "dependencies": {
        "@seolite/core": "*"
      }
    },
    "packages/mcp": {
      "name": "@seolite/mcp",
      "version": "0.0.0",
      "dependencies": {
        "@seolite/audit": "*",
        "@seolite/providers": "*"
      }
    },
    "packages/cli": {
      "name": "@seolite/cli",
      "version": "0.0.0",
      "dependencies": {
        "@seolite/audit": "*",
        "@seolite/mcp": "*",
        "@seolite/providers": "*"
      }
    },
    "site": {
      "name": "@seolite/site",
      "version": "0.0.0",
      "dependencies": {},
      "devDependencies": {}
    }
  }
}
